
Microsoft Visual Studio Solution File, Format Version 12.00
# Visual Studio Version 16
VisualStudioVersion = 16.0.29613.14
MinimumVisualStudioVersion = 10.0.40219.1
Project("{FAE04EC0-301F-11D3-BF4B-00C04F79EFBC}") = "SumOrProductTwoNumbers", "SumOrProductTwoNumbers.csproj", "{B9F59EAA-6B76-4359-8A33-E976DB4BC418}"
EndProject
Global
	GlobalSection(SolutionConfigurationPlatforms) = preSolution
		Debug|Any CPU = Debug|Any CPU
		Release|Any CPU = Release|Any CPU
	EndGlobalSection
	GlobalSection(ProjectConfigurationPlatforms) = postSolution
		{B9F59EAA-6B76-4359-8A33-E976DB4BC418}.Debug|Any CPU.ActiveCfg = Debug|Any CPU
		{B9F59EAA-6B76-4359-8A33-E976DB4BC418}.Debug|Any CPU.Build.0 = Debug|Any CPU
		{B9F59EAA-6B76-4359-8A33-E976DB4BC418}.Release|Any CPU.ActiveCfg = Release|Any CPU
		{B9F59EAA-6B76-4359-8A33-E976DB4BC418}.Release|Any CPU.Build.0 = Release|Any CPU
	EndGlobalSection
	GlobalSection(SolutionProperties) = preSolution
		HideSolutionNode = FALSE
	EndGlobalSection
	GlobalSection(ExtensibilityGlobals) = postSolution
		SolutionGuid = {430B175B-D939-452E-97A3-C3C79CC610F4}
	EndGlobalSection
EndGlobal
